
Microsoft Visual Studio Solution File, Format Version 12.00
# Visual Studio 15
VisualStudioVersion = 15.0.28010.2050
MinimumVisualStudioVersion = 10.0.40219.1
Project("{FAE04EC0-301F-11D3-BF4B-00C04F79EFBC}") = "ON-OFF Parallel Control", "ON-OFF Parallel Control\ON-OFF Parallel Control.csproj", "{2FEADC1D-708C-413D-9E70-E25990C3E86F}"
EndProject
Global
	GlobalSection(SolutionConfigurationPlatforms) = preSolution
		Debug|Any CPU = Debug|Any CPU
		Release|Any CPU = Release|Any CPU
	EndGlobalSection
	GlobalSection(ProjectConfigurationPlatforms) = postSolution
		{2FEADC1D-708C-413D-9E70-E25990C3E86F}.Debug|Any CPU.ActiveCfg = Debug|Any CPU
		{2FEADC1D-708C-413D-9E70-E25990C3E86F}.Debug|Any CPU.Build.0 = Debug|Any CPU
		{2FEADC1D-708C-413D-9E70-E25990C3E86F}.Release|Any CPU.ActiveCfg = Release|Any CPU
		{2FEADC1D-708C-413D-9E70-E25990C3E86F}.Release|Any CPU.Build.0 = Release|Any CPU
	EndGlobalSection
	GlobalSection(SolutionProperties) = preSolution
		HideSolutionNode = FALSE
	EndGlobalSection
	GlobalSection(ExtensibilityGlobals) = postSolution
		SolutionGuid = {EB946BAD-B2E4-4F12-B8BF-0481600595C4}
	EndGlobalSection
EndGlobal
